// !$*UTF8*$!
{
	archiveVersion = 1;
	classes = {
	};
	objectVersion = 51;
	objects = {

/* Begin PBXBuildFile section */
		DD161A4E238D294200F4862D /* Switcher.swift in Sources */ = {isa = PBXBuildFile; fileRef = DD161A4D238D294200F4862D /* Switcher.swift */; };
		DD496CF32382CBB4007F654A /* CarViewController.swift in Sources */ = {isa = PBXBuildFile; fileRef = DD496CF22382CBB4007F654A /* CarViewController.swift */; };
		DD496CF52382CE3B007F654A /* VehicleTableViewCell.swift in Sources */ = {isa = PBXBuildFile; fileRef = DD496CF42382CE3B007F654A /* VehicleTableViewCell.swift */; };
		DD496CFB2383C21B007F654A /* LoginViewController.swift in Sources */ = {isa = PBXBuildFile; fileRef = DD496CFA2383C21B007F654A /* LoginViewController.swift */; };
		DD496CFE2383C657007F654A /* GoogleService-Info.plist in Resources */ = {isa = PBXBuildFile; fileRef = DD496CFD2383C657007F654A /* GoogleService-Info.plist */; };
		DDAAC7E32383D9AF0016D6F7 /* RegisterViewController.swift in Sources */ = {isa = PBXBuildFile; fileRef = DDAAC7E22383D9AF0016D6F7 /* RegisterViewController.swift */; };
		DDB48A30238D78EA00FEBAB9 /* LaunchScreenVC.swift in Sources */ = {isa = PBXBuildFile; fileRef = DDB48A2F238D78EA00FEBAB9 /* LaunchScreenVC.swift */; };
		DDCC785F238AD06F004E9695 /* CarDetailsViewController.swift in Sources */ = {isa = PBXBuildFile; fileRef = DDCC785E238AD06F004E9695 /* CarDetailsViewController.swift */; };
		DDCF19462385E44C0064EABD /* SceneDelegate.swift in Sources */ = {isa = PBXBuildFile; fileRef = DDCF19452385E44C0064EABD /* SceneDelegate.swift */; };
		DDFDB3932380FA8200027DDD /* AppDelegate.swift in Sources */ = {isa = PBXBuildFile; fileRef = DDFDB3922380FA8200027DDD /* AppDelegate.swift */; };
		DDFDB39A2380FA8200027DDD /* Main.storyboard in Resources */ = {isa = PBXBuildFile; fileRef = DDFDB3982380FA8200027DDD /* Main.storyboard */; };
		DDFDB39C2380FA8500027DDD /* Assets.xcassets in Resources */ = {isa = PBXBuildFile; fileRef = DDFDB39B2380FA8500027DDD /* Assets.xcassets */; };
		DDFDB39F2380FA8500027DDD /* LaunchScreen.storyboard in Resources */ = {isa = PBXBuildFile; fileRef = DDFDB39D2380FA8500027DDD /* LaunchScreen.storyboard */; };
		DDFDB3BA2381170300027DDD /* CategoryVC.swift in Sources */ = {isa = PBXBuildFile; fileRef = DDFDB3B92381170300027DDD /* CategoryVC.swift */; };
		ECC8E9C51E0A95F0B0B35B84 /* Pods_bahon.framework in Frameworks */ = {isa = PBXBuildFile; fileRef = 70379D8FF643B0F31DBA5116 /* Pods_bahon.framework */; };
/* End PBXBuildFile section */

/* Begin PBXFileReference section */
		70379D8FF643B0F31DBA5116 /* Pods_bahon.framework */ = {isa = PBXFileReference; explicitFileType = wrapper.framework; includeInIndex = 0; path = Pods_bahon.framework; sourceTree = BUILT_PRODUCTS_DIR; };
		834D2C743A8AAA61B3DFBB4F /* Pods-bahon.release.xcconfig */ = {isa = PBXFileReference; includeInIndex = 1; lastKnownFileType = text.xcconfig; name = "Pods-bahon.release.xcconfig"; path = "Target Support Files/Pods-bahon/Pods-bahon.release.xcconfig"; sourceTree = "<group>"; };
		DD161A4D238D294200F4862D /* Switcher.swift */ = {isa = PBXFileReference; lastKnownFileType = sourcecode.swift; path = Switcher.swift; sourceTree = "<group>"; };
		DD496CF22382CBB4007F654A /* CarViewController.swift */ = {isa = PBXFileReference; lastKnownFileType = sourcecode.swift; path = CarViewController.swift; sourceTree = "<group>"; };
		DD496CF42382CE3B007F654A /* VehicleTableViewCell.swift */ = {isa = PBXFileReference; lastKnownFileType = sourcecode.swift; path = VehicleTableViewCell.swift; sourceTree = "<group>"; };
		DD496CFA2383C21B007F654A /* LoginViewController.swift */ = {isa = PBXFileReference; lastKnownFileType = sourcecode.swift; path = LoginViewController.swift; sourceTree = "<group>"; };
		DD496CFD2383C657007F654A /* GoogleService-Info.plist */ = {isa = PBXFileReference; fileEncoding = 4; lastKnownFileType = text.plist.xml; path = "GoogleService-Info.plist"; sourceTree = "<group>"; };
		DDAAC7E22383D9AF0016D6F7 /* RegisterViewController.swift */ = {isa = PBXFileReference; lastKnownFileType = sourcecode.swift; path = RegisterViewController.swift; sourceTree = "<group>"; };
		DDB48A2F238D78EA00FEBAB9 /* LaunchScreenVC.swift */ = {isa = PBXFileReference; lastKnownFileType = sourcecode.swift; path = LaunchScreenVC.swift; sourceTree = "<group>"; };
		DDCC785E238AD06F004E9695 /* CarDetailsViewController.swift */ = {isa = PBXFileReference; lastKnownFileType = sourcecode.swift; path = CarDetailsViewController.swift; sourceTree = "<group>"; };
		DDCF19452385E44C0064EABD /* SceneDelegate.swift */ = {isa = PBXFileReference; fileEncoding = 4; lastKnownFileType = sourcecode.swift; path = SceneDelegate.swift; sourceTree = "<group>"; };
		DDFDB38F2380FA8200027DDD /* bahon.app */ = {isa = PBXFileReference; explicitFileType = wrapper.application; includeInIndex = 0; path = bahon.app; sourceTree = BUILT_PRODUCTS_DIR; };
		DDFDB3922380FA8200027DDD /* AppDelegate.swift */ = {isa = PBXFileReference; lastKnownFileType = sourcecode.swift; path = AppDelegate.swift; sourceTree = "<group>"; };
		DDFDB3992380FA8200027DDD /* Base */ = {isa = PBXFileReference; lastKnownFileType = file.storyboard; name = Base; path = Base.lproj/Main.storyboard; sourceTree = "<group>"; };
		DDFDB39B2380FA8500027DDD /* Assets.xcassets */ = {isa = PBXFileReference; lastKnownFileType = folder.assetcatalog; path = Assets.xcassets; sourceTree = "<group>"; };
		DDFDB39E2380FA8500027DDD /* Base */ = {isa = PBXFileReference; lastKnownFileType = file.storyboard; name = Base; path = Base.lproj/LaunchScreen.storyboard; sourceTree = "<group>"; };
		DDFDB3A02380FA8500027DDD /* Info.plist */ = {isa = PBXFileReference; lastKnownFileType = text.plist.xml; path = Info.plist; sourceTree = "<group>"; };
		DDFDB3B92381170300027DDD /* CategoryVC.swift */ = {isa = PBXFileReference; lastKnownFileType = sourcecode.swift; path = CategoryVC.swift; sourceTree = "<group>"; };
		E386DD953F0FA888DD2484A9 /* Pods-bahon.debug.xcconfig */ = {isa = PBXFileReference; includeInIndex = 1; lastKnownFileType = text.xcconfig; name = "Pods-bahon.debug.xcconfig"; path = "Target Support Files/Pods-bahon/Pods-bahon.debug.xcconfig"; sourceTree = "<group>"; };
/* End PBXFileReference section */

/* Begin PBXFrameworksBuildPhase section */
		DDFDB38C2380FA8200027DDD /* Frameworks */ = {
			isa = PBXFrameworksBuildPhase;
			buildActionMask = 2147483647;
			files = (
				ECC8E9C51E0A95F0B0B35B84 /* Pods_bahon.framework in Frameworks */,
			);
			runOnlyForDeploymentPostprocessing = 0;
		};
/* End PBXFrameworksBuildPhase section */

/* Begin PBXGroup section */
		52691A2A99DA8B89383FDED8 /* Pods */ = {
			isa = PBXGroup;
			children = (
				E386DD953F0FA888DD2484A9 /* Pods-bahon.debug.xcconfig */,
				834D2C743A8AAA61B3DFBB4F /* Pods-bahon.release.xcconfig */,
			);
			path = Pods;
			sourceTree = "<group>";
		};
		8C26E01E87C990C5B67012DD /* Frameworks */ = {
			isa = PBXGroup;
			children = (
				70379D8FF643B0F31DBA5116 /* Pods_bahon.framework */,
			);
			name = Frameworks;
			sourceTree = "<group>";
		};
		DD496CF72383BCCD007F654A /* Car */ = {
			isa = PBXGroup;
			children = (
				DD496CF22382CBB4007F654A /* CarViewController.swift */,
				DD496CF42382CE3B007F654A /* VehicleTableViewCell.swift */,
				DDCC785E238AD06F004E9695 /* CarDetailsViewController.swift */,
			);
			path = Car;
			sourceTree = "<group>";
		};
		DD496CF82383BD52007F654A /* SupportingFiles */ = {
			isa = PBXGroup;
			children = (
				DDFDB39B2380FA8500027DDD /* Assets.xcassets */,
				DD161A4D238D294200F4862D /* Switcher.swift */,
			);
			path = SupportingFiles;
			sourceTree = "<group>";
		};
		DD496CF92383BD6A007F654A /* StoryBoards */ = {
			isa = PBXGroup;
			children = (
				DDFDB3982380FA8200027DDD /* Main.storyboard */,
			);
			path = StoryBoards;
			sourceTree = "<group>";
		};
		DD496CFC2383C228007F654A /* Account */ = {
			isa = PBXGroup;
			children = (
				DD496CFA2383C21B007F654A /* LoginViewController.swift */,
				DDAAC7E22383D9AF0016D6F7 /* RegisterViewController.swift */,
			);
			path = Account;
			sourceTree = "<group>";
		};
		DDFDB3862380FA8200027DDD = {
			isa = PBXGroup;
			children = (
				DDFDB3912380FA8200027DDD /* bahon */,
				DDFDB3902380FA8200027DDD /* Products */,
				52691A2A99DA8B89383FDED8 /* Pods */,
				8C26E01E87C990C5B67012DD /* Frameworks */,
			);
			sourceTree = "<group>";
		};
		DDFDB3902380FA8200027DDD /* Products */ = {
			isa = PBXGroup;
			children = (
				DDFDB38F2380FA8200027DDD /* bahon.app */,
			);
			name = Products;
			sourceTree = "<group>";
		};
		DDFDB3912380FA8200027DDD /* bahon */ = {
			isa = PBXGroup;
			children = (
				DDCF19452385E44C0064EABD /* SceneDelegate.swift */,
				DD496CFD2383C657007F654A /* GoogleService-Info.plist */,
				DDFDB3922380FA8200027DDD /* AppDelegate.swift */,
				DDFDB3B92381170300027DDD /* CategoryVC.swift */,
				DDFDB39D2380FA8500027DDD /* LaunchScreen.storyboard */,
				DD496CFC2383C228007F654A /* Account */,
				DD496CF92383BD6A007F654A /* StoryBoards */,
				DD496CF82383BD52007F654A /* SupportingFiles */,
				DD496CF72383BCCD007F654A /* Car */,
				DDFDB3A02380FA8500027DDD /* Info.plist */,
				DDB48A2F238D78EA00FEBAB9 /* LaunchScreenVC.swift */,
			);
			path = bahon;
			sourceTree = "<group>";
		};
/* End PBXGroup section */

/* Begin PBXNativeTarget section */
		DDFDB38E2380FA8200027DDD /* bahon */ = {
			isa = PBXNativeTarget;
			buildConfigurationList = DDFDB3A32380FA8500027DDD /* Build configuration list for PBXNativeTarget "bahon" */;
			buildPhases = (
				45F8BA06840DDDA171AD0CB9 /* [CP] Check Pods Manifest.lock */,
				DDFDB38B2380FA8200027DDD /* Sources */,
				DDFDB38C2380FA8200027DDD /* Frameworks */,
				DDFDB38D2380FA8200027DDD /* Resources */,
				7099462F3721A9BE8497DDBC /* [CP] Embed Pods Frameworks */,
			);
			buildRules = (
			);
			dependencies = (
			);
			name = bahon;
			productName = bahon;
			productReference = DDFDB38F2380FA8200027DDD /* bahon.app */;
			productType = "com.apple.product-type.application";
		};
/* End PBXNativeTarget section */

/* Begin PBXProject section */
		DDFDB3872380FA8200027DDD /* Project object */ = {
			isa = PBXProject;
			attributes = {
				LastSwiftUpdateCheck = 1110;
				LastUpgradeCheck = 1110;
				ORGANIZATIONNAME = "Arif Amzad";
				TargetAttributes = {
					DDFDB38E2380FA8200027DDD = {
						CreatedOnToolsVersion = 11.1;
						LastSwiftMigration = 1110;
					};
				};
			};
			buildConfigurationList = DDFDB38A2380FA8200027DDD /* Build configuration list for PBXProject "bahon" */;
			compatibilityVersion = "Xcode 9.3";
			developmentRegion = en;
			hasScannedForEncodings = 0;
			knownRegions = (
				en,
				Base,
			);
			mainGroup = DDFDB3862380FA8200027DDD;
			productRefGroup = DDFDB3902380FA8200027DDD /* Products */;
			projectDirPath = "";
			projectRoot = "";
			targets = (
				DDFDB38E2380FA8200027DDD /* bahon */,
			);
		};
/* End PBXProject section */

/* Begin PBXResourcesBuildPhase section */
		DDFDB38D2380FA8200027DDD /* Resources */ = {
			isa = PBXResourcesBuildPhase;
			buildActionMask = 2147483647;
			files = (
				DDFDB39F2380FA8500027DDD /* LaunchScreen.storyboard in Resources */,
				DD496CFE2383C657007F654A /* GoogleService-Info.plist in Resources */,
				DDFDB39C2380FA8500027DDD /* Assets.xcassets in Resources */,
				DDFDB39A2380FA8200027DDD /* Main.storyboard in Resources */,
			);
			runOnlyForDeploymentPostprocessing = 0;
		};
/* End PBXResourcesBuildPhase section */

/* Begin PBXShellScriptBuildPhase section */
		45F8BA06840DDDA171AD0CB9 /* [CP] Check Pods Manifest.lock */ = {
			isa = PBXShellScriptBuildPhase;
			buildActionMask = 2147483647;
			files = (
			);
			inputFileListPaths = (
			);
			inputPaths = (
				"${PODS_PODFILE_DIR_PATH}/Podfile.lock",
				"${PODS_ROOT}/Manifest.lock",
			);
			name = "[CP] Check Pods Manifest.lock";
			outputFileListPaths = (
			);
			outputPaths = (
				"$(DERIVED_FILE_DIR)/Pods-bahon-checkManifestLockResult.txt",
			);
			runOnlyForDeploymentPostprocessing = 0;
			shellPath = /bin/sh;
			shellScript = "diff \"${PODS_PODFILE_DIR_PATH}/Podfile.lock\" \"${PODS_ROOT}/Manifest.lock\" > /dev/null\nif [ $? != 0 ] ; then\n    # print error to STDERR\n    echo \"error: The sandbox is not in sync with the Podfile.lock. Run 'pod install' or update your CocoaPods installation.\" >&2\n    exit 1\nfi\n# This output is used by Xcode 'outputs' to avoid re-running this script phase.\necho \"SUCCESS\" > \"${SCRIPT_OUTPUT_FILE_0}\"\n";
			showEnvVarsInLog = 0;
		};
		7099462F3721A9BE8497DDBC /* [CP] Embed Pods Frameworks */ = {
			isa = PBXShellScriptBuildPhase;
			buildActionMask = 2147483647;
			files = (
			);
			inputFileListPaths = (
				"${PODS_ROOT}/Target Support Files/Pods-bahon/Pods-bahon-frameworks-${CONFIGURATION}-input-files.xcfilelist",
			);
			name = "[CP] Embed Pods Frameworks";
			outputFileListPaths = (
				"${PODS_ROOT}/Target Support Files/Pods-bahon/Pods-bahon-frameworks-${CONFIGURATION}-output-files.xcfilelist",
			);
			runOnlyForDeploymentPostprocessing = 0;
			shellPath = /bin/sh;
			shellScript = "\"${PODS_ROOT}/Target Support Files/Pods-bahon/Pods-bahon-frameworks.sh\"\n";
			showEnvVarsInLog = 0;
		};
/* End PBXShellScriptBuildPhase section */

/* Begin PBXSourcesBuildPhase section */
		DDFDB38B2380FA8200027DDD /* Sources */ = {
			isa = PBXSourcesBuildPhase;
			buildActionMask = 2147483647;
			files = (
				DD161A4E238D294200F4862D /* Switcher.swift in Sources */,
				DD496CFB2383C21B007F654A /* LoginViewController.swift in Sources */,
				DDFDB3BA2381170300027DDD /* CategoryVC.swift in Sources */,
				DDCC785F238AD06F004E9695 /* CarDetailsViewController.swift in Sources */,
				DD496CF52382CE3B007F654A /* VehicleTableViewCell.swift in Sources */,
				DDAAC7E32383D9AF0016D6F7 /* RegisterViewController.swift in Sources */,
				DD496CF32382CBB4007F654A /* CarViewController.swift in Sources */,
				DDB48A30238D78EA00FEBAB9 /* LaunchScreenVC.swift in Sources */,
				DDFDB3932380FA8200027DDD /* AppDelegate.swift in Sources */,
				DDCF19462385E44C0064EABD /* SceneDelegate.swift in Sources */,
			);
			runOnlyForDeploymentPostprocessing = 0;
		};
/* End PBXSourcesBuildPhase section */

/* Begin PBXVariantGroup section */
		DDFDB3982380FA8200027DDD /* Main.storyboard */ = {
			isa = PBXVariantGroup;
			children = (
				DDFDB3992380FA8200027DDD /* Base */,
			);
			name = Main.storyboard;
			sourceTree = "<group>";
		};
		DDFDB39D2380FA8500027DDD /* LaunchScreen.storyboard */ = {
			isa = PBXVariantGroup;
			children = (
				DDFDB39E2380FA8500027DDD /* Base */,
			);
			name = LaunchScreen.storyboard;
			sourceTree = "<group>";
		};
/* End PBXVariantGroup section */

/* Begin XCBuildConfiguration section */
		DDFDB3A12380FA8500027DDD /* Debug */ = {
			isa = XCBuildConfiguration;
			buildSettings = {
				ALWAYS_SEARCH_USER_PATHS = NO;
				CLANG_ANALYZER_NONNULL = YES;
				CLANG_ANALYZER_NUMBER_OBJECT_CONVERSION = YES_AGGRESSIVE;
				CLANG_CXX_LANGUAGE_STANDARD = "gnu++14";
				CLANG_CXX_LIBRARY = "libc++";
				CLANG_ENABLE_MODULES = YES;
				CLANG_ENABLE_OBJC_ARC = YES;
				CLANG_ENABLE_OBJC_WEAK = YES;
				CLANG_WARN_BLOCK_CAPTURE_AUTORELEASING = YES;
				CLANG_WARN_BOOL_CONVERSION = YES;
				CLANG_WARN_COMMA = YES;
				CLANG_WARN_CONSTANT_CONVERSION = YES;
				CLANG_WARN_DEPRECATED_OBJC_IMPLEMENTATIONS = YES;
				CLANG_WARN_DIRECT_OBJC_ISA_USAGE = YES_ERROR;
				CLANG_WARN_DOCUMENTATION_COMMENTS = YES;
				CLANG_WARN_EMPTY_BODY = YES;
				CLANG_WARN_ENUM_CONVERSION = YES;
				CLANG_WARN_INFINITE_RECURSION = YES;
				CLANG_WARN_INT_CONVERSION = YES;
				CLANG_WARN_NON_LITERAL_NULL_CONVERSION = YES;
				CLANG_WARN_OBJC_IMPLICIT_RETAIN_SELF = YES;
				CLANG_WARN_OBJC_LITERAL_CONVERSION = YES;
				CLANG_WARN_OBJC_ROOT_CLASS = YES_ERROR;
				CLANG_WARN_RANGE_LOOP_ANALYSIS = YES;
				CLANG_WARN_STRICT_PROTOTYPES = YES;
				CLANG_WARN_SUSPICIOUS_MOVE = YES;
				CLANG_WARN_UNGUARDED_AVAILABILITY = YES_AGGRESSIVE;
				CLANG_WARN_UNREACHABLE_CODE = YES;
				CLANG_WARN__DUPLICATE_METHOD_MATCH = YES;
				COPY_PHASE_STRIP = NO;
				DEBUG_INFORMATION_FORMAT = dwarf;
				ENABLE_STRICT_OBJC_MSGSEND = YES;
				ENABLE_TESTABILITY = YES;
				GCC_C_LANGUAGE_STANDARD = gnu11;
				GCC_DYNAMIC_NO_PIC = NO;
				GCC_NO_COMMON_BLOCKS = YES;
				GCC_OPTIMIZATION_LEVEL = 0;
				GCC_PREPROCESSOR_DEFINITIONS = (
					"DEBUG=1",
					"$(inherited)",
				);
				GCC_WARN_64_TO_32_BIT_CONVERSION = YES;
				GCC_WARN_ABOUT_RETURN_TYPE = YES_ERROR;
				GCC_WARN_UNDECLARED_SELECTOR = YES;
				GCC_WARN_UNINITIALIZED_AUTOS = YES_AGGRESSIVE;
				GCC_WARN_UNUSED_FUNCTION = YES;
				GCC_WARN_UNUSED_VARIABLE = YES;
				IPHONEOS_DEPLOYMENT_TARGET = 13.1;
				MTL_ENABLE_DEBUG_INFO = INCLUDE_SOURCE;
				MTL_FAST_MATH = YES;
				ONLY_ACTIVE_ARCH = YES;
				SDKROOT = iphoneos;
				SWIFT_ACTIVE_COMPILATION_CONDITIONS = DEBUG;
				SWIFT_OPTIMIZATION_LEVEL = "-Onone";
			};
			name = Debug;
		};
		DDFDB3A22380FA8500027DDD /* Release */ = {
			isa = XCBuildConfiguration;
			buildSettings = {
				ALWAYS_SEARCH_USER_PATHS = NO;
				CLANG_ANALYZER_NONNULL = YES;
				CLANG_ANALYZER_NUMBER_OBJECT_CONVERSION = YES_AGGRESSIVE;
				CLANG_CXX_LANGUAGE_STANDARD = "gnu++14";
				CLANG_CXX_LIBRARY = "libc++";
				CLANG_ENABLE_MODULES = YES;
				CLANG_ENABLE_OBJC_ARC = YES;
				CLANG_ENABLE_OBJC_WEAK = YES;
				CLANG_WARN_BLOCK_CAPTURE_AUTORELEASING = YES;
				CLANG_WARN_BOOL_CONVERSION = YES;
				CLANG_WARN_COMMA = YES;
				CLANG_WARN_CONSTANT_CONVERSION = YES;
				CLANG_WARN_DEPRECATED_OBJC_IMPLEMENTATIONS = YES;
				CLANG_WARN_DIRECT_OBJC_ISA_USAGE = YES_ERROR;
				CLANG_WARN_DOCUMENTATION_COMMENTS = YES;
				CLANG_WARN_EMPTY_BODY = YES;
				CLANG_WARN_ENUM_CONVERSION = YES;
				CLANG_WARN_INFINITE_RECURSION = YES;
				CLANG_WARN_INT_CONVERSION = YES;
				CLANG_WARN_NON_LITERAL_NULL_CONVERSION = YES;
				CLANG_WARN_OBJC_IMPLICIT_RETAIN_SELF = YES;
				CLANG_WARN_OBJC_LITERAL_CONVERSION = YES;
				CLANG_WARN_OBJC_ROOT_CLASS = YES_ERROR;
				CLANG_WARN_RANGE_LOOP_ANALYSIS = YES;
				CLANG_WARN_STRICT_PROTOTYPES = YES;
				CLANG_WARN_SUSPICIOUS_MOVE = YES;
				CLANG_WARN_UNGUARDED_AVAILABILITY = YES_AGGRESSIVE;
				CLANG_WARN_UNREACHABLE_CODE = YES;
				CLANG_WARN__DUPLICATE_METHOD_MATCH = YES;
				COPY_PHASE_STRIP = NO;
				DEBUG_INFORMATION_FORMAT = "dwarf-with-dsym";
				ENABLE_NS_ASSERTIONS = NO;
				ENABLE_STRICT_OBJC_MSGSEND = YES;
				GCC_C_LANGUAGE_STANDARD = gnu11;
				GCC_NO_COMMON_BLOCKS = YES;
				GCC_WARN_64_TO_32_BIT_CONVERSION = YES;
				GCC_WARN_ABOUT_RETURN_TYPE = YES_ERROR;
				GCC_WARN_UNDECLARED_SELECTOR = YES;
				GCC_WARN_UNINITIALIZED_AUTOS = YES_AGGRESSIVE;
				GCC_WARN_UNUSED_FUNCTION = YES;
				GCC_WARN_UNUSED_VARIABLE = YES;
				IPHONEOS_DEPLOYMENT_TARGET = 13.1;
				MTL_ENABLE_DEBUG_INFO = NO;
				MTL_FAST_MATH = YES;
				SDKROOT = iphoneos;
				SWIFT_COMPILATION_MODE = wholemodule;
				SWIFT_OPTIMIZATION_LEVEL = "-O";
				VALIDATE_PRODUCT = YES;
			};
			name = Release;
		};
		DDFDB3A42380FA8500027DDD /* Debug */ = {
			isa = XCBuildConfiguration;
			baseConfigurationReference = E386DD953F0FA888DD2484A9 /* Pods-bahon.debug.xcconfig */;
			buildSettings = {
				ASSETCATALOG_COMPILER_APPICON_NAME = AppIcon;
				CLANG_ENABLE_MODULES = YES;
				CODE_SIGN_STYLE = Automatic;
				DEVELOPMENT_TEAM = 2QG28FK6YK;
				INFOPLIST_FILE = bahon/Info.plist;
				LD_RUNPATH_SEARCH_PATHS = (
					"$(inherited)",
					"@executable_path/Frameworks",
				);
				PRODUCT_BUNDLE_IDENTIFIER = com.arifamzad.bahon;
				PRODUCT_NAME = "$(TARGET_NAME)";
				SWIFT_OBJC_BRIDGING_HEADER = "";
				SWIFT_OPTIMIZATION_LEVEL = "-Onone";
				SWIFT_VERSION = 5.0;
				TARGETED_DEVICE_FAMILY = "1,2";
			};
			name = Debug;
		};
		DDFDB3A52380FA8500027DDD /* Release */ = {
			isa = XCBuildConfiguration;
			baseConfigurationReference = 834D2C743A8AAA61B3DFBB4F /* Pods-bahon.release.xcconfig */;
			buildSettings = {
				ASSETCATALOG_COMPILER_APPICON_NAME = AppIcon;
				CLANG_ENABLE_MODULES = YES;
				CODE_SIGN_STYLE = Automatic;
				DEVELOPMENT_TEAM = 2QG28FK6YK;
				INFOPLIST_FILE = bahon/Info.plist;
				LD_RUNPATH_SEARCH_PATHS = (
					"$(inherited)",
					"@executable_path/Frameworks",
				);
				PRODUCT_BUNDLE_IDENTIFIER = com.arifamzad.bahon;
				PRODUCT_NAME = "$(TARGET_NAME)";
				SWIFT_OBJC_BRIDGING_HEADER = "";
				SWIFT_VERSION = 5.0;
				TARGETED_DEVICE_FAMILY = "1,2";
			};
			name = Release;
		};
/* End XCBuildConfiguration section */

/* Begin XCConfigurationList section */
		DDFDB38A2380FA8200027DDD /* Build configuration list for PBXProject "bahon" */ = {
			isa = XCConfigurationList;
			buildConfigurations = (
				DDFDB3A12380FA8500027DDD /* Debug */,
				DDFDB3A22380FA8500027DDD /* Release */,
			);
			defaultConfigurationIsVisible = 0;
			defaultConfigurationName = Release;
		};
		DDFDB3A32380FA8500027DDD /* Build configuration list for PBXNativeTarget "bahon" */ = {
			isa = XCConfigurationList;
			buildConfigurations = (
				DDFDB3A42380FA8500027DDD /* Debug */,
				DDFDB3A52380FA8500027DDD /* Release */,
			);
			defaultConfigurationIsVisible = 0;
			defaultConfigurationName = Release;
		};
/* End XCConfigurationList section */
	};
	rootObject = DDFDB3872380FA8200027DDD /* Project object */;
}
